
Microsoft Visual Studio Solution File, Format Version 12.00
# Visual Studio Version 16
VisualStudioVersion = 16.0.31402.337
MinimumVisualStudioVersion = 10.0.40219.1
Project("{FAE04EC0-301F-11D3-BF4B-00C04F79EFBC}") = "QuanLyPhongMach", "QuanLyPhongMach\QuanLyPhongMach.csproj", "{DCB98EDC-93E1-47EC-B39A-D3478BAA5253}"
EndProject
Global
	GlobalSection(SolutionConfigurationPlatforms) = preSolution
		Debug|Any CPU = Debug|Any CPU
		Release|Any CPU = Release|Any CPU
	EndGlobalSection
	GlobalSection(ProjectConfigurationPlatforms) = postSolution
		{DCB98EDC-93E1-47EC-B39A-D3478BAA5253}.Debug|Any CPU.ActiveCfg = Debug|Any CPU
		{DCB98EDC-93E1-47EC-B39A-D3478BAA5253}.Debug|Any CPU.Build.0 = Debug|Any CPU
		{DCB98EDC-93E1-47EC-B39A-D3478BAA5253}.Release|Any CPU.ActiveCfg = Release|Any CPU
		{DCB98EDC-93E1-47EC-B39A-D3478BAA5253}.Release|Any CPU.Build.0 = Release|Any CPU
	EndGlobalSection
	GlobalSection(SolutionProperties) = preSolution
		HideSolutionNode = FALSE
	EndGlobalSection
	GlobalSection(ExtensibilityGlobals) = postSolution
		SolutionGuid = {61F3758B-D8D2-4DF1-8CC6-4F3DA34FFE38}
	EndGlobalSection
EndGlobal
